
Microsoft Visual Studio Solution File, Format Version 12.00
# Visual Studio 15
VisualStudioVersion = 15.0.27428.2002
MinimumVisualStudioVersion = 10.0.40219.1
Project("{FAE04EC0-301F-11D3-BF4B-00C04F79EFBC}") = "BeLifeGUI", "BeLifeGUI\BeLifeGUI.csproj", "{AA4C073E-EBAD-48D8-8D96-866661B221D1}"
EndProject
Project("{FAE04EC0-301F-11D3-BF4B-00C04F79EFBC}") = "BelifeBD", "BelifeBD\BelifeBD.csproj", "{E8598CC5-0F6E-4E86-9EF1-4D57FD6D4498}"
EndProject
Project("{FAE04EC0-301F-11D3-BF4B-00C04F79EFBC}") = "BelifeNegocios", "Belife.Biblio\BelifeNegocios.csproj", "{5C174449-FB6D-41FA-8E39-FFFC64318B5A}"
EndProject
Global
	GlobalSection(SolutionConfigurationPlatforms) = preSolution
		Debug|Any CPU = Debug|Any CPU
		Release|Any CPU = Release|Any CPU
	EndGlobalSection
	GlobalSection(ProjectConfigurationPlatforms) = postSolution
		{AA4C073E-EBAD-48D8-8D96-866661B221D1}.Debug|Any CPU.ActiveCfg = Debug|Any CPU
		{AA4C073E-EBAD-48D8-8D96-866661B221D1}.Debug|Any CPU.Build.0 = Debug|Any CPU
		{AA4C073E-EBAD-48D8-8D96-866661B221D1}.Release|Any CPU.ActiveCfg = Release|Any CPU
		{AA4C073E-EBAD-48D8-8D96-866661B221D1}.Release|Any CPU.Build.0 = Release|Any CPU
		{E8598CC5-0F6E-4E86-9EF1-4D57FD6D4498}.Debug|Any CPU.ActiveCfg = Debug|Any CPU
		{E8598CC5-0F6E-4E86-9EF1-4D57FD6D4498}.Debug|Any CPU.Build.0 = Debug|Any CPU
		{E8598CC5-0F6E-4E86-9EF1-4D57FD6D4498}.Release|Any CPU.ActiveCfg = Release|Any CPU
		{E8598CC5-0F6E-4E86-9EF1-4D57FD6D4498}.Release|Any CPU.Build.0 = Release|Any CPU
		{5C174449-FB6D-41FA-8E39-FFFC64318B5A}.Debug|Any CPU.ActiveCfg = Debug|Any CPU
		{5C174449-FB6D-41FA-8E39-FFFC64318B5A}.Debug|Any CPU.Build.0 = Debug|Any CPU
		{5C174449-FB6D-41FA-8E39-FFFC64318B5A}.Release|Any CPU.ActiveCfg = Release|Any CPU
		{5C174449-FB6D-41FA-8E39-FFFC64318B5A}.Release|Any CPU.Build.0 = Release|Any CPU
	EndGlobalSection
	GlobalSection(SolutionProperties) = preSolution
		HideSolutionNode = FALSE
	EndGlobalSection
	GlobalSection(ExtensibilityGlobals) = postSolution
		SolutionGuid = {79A80D13-DC05-4766-91BD-0B80BE364184}
	EndGlobalSection
EndGlobal
